
Microsoft Visual Studio Solution File, Format Version 12.00
Project("{FAE04EC0-301F-11D3-BF4B-00C04F79EFBC}") = "CrpgP.Domain", "CrpgP.Domain\CrpgP.Domain.csproj", "{A2079C6B-B5D7-420A-B7F6-C5C3C9162286}"
EndProject
Project("{FAE04EC0-301F-11D3-BF4B-00C04F79EFBC}") = "CrpgP.Application", "CrpgP.Application\CrpgP.Application.csproj", "{67FB1757-56BF-4542-A44D-E87610423A10}"
EndProject
Project("{FAE04EC0-301F-11D3-BF4B-00C04F79EFBC}") = "CrpgP.Infrastructure", "CrpgP.Infrastructure\CrpgP.Infrastructure.csproj", "{AC177811-1B3A-4EF1-A6E8-5C9B89CE752E}"
EndProject
Project("{FAE04EC0-301F-11D3-BF4B-00C04F79EFBC}") = "CrpgP.WebApi", "CrpgP.WebApi\CrpgP.WebApi.csproj", "{443548CF-8FB4-4BD0-AD73-8AC8DF971F1C}"
EndProject
Project("{2150E333-8FDC-42A3-9474-1A3956D46DE8}") = "src", "src", "{6996664B-E9AA-4D36-BC99-25397B056233}"
EndProject
Project("{2150E333-8FDC-42A3-9474-1A3956D46DE8}") = "tests", "tests", "{B4CFB1C0-390F-44B6-90DB-5A741B575F11}"
EndProject
Project("{2150E333-8FDC-42A3-9474-1A3956D46DE8}") = "core", "core", "{AAADC730-9D5C-44BA-B5D4-26ECEE3AF02A}"
EndProject
Project("{2150E333-8FDC-42A3-9474-1A3956D46DE8}") = "external", "external", "{7742EF67-E6E6-4677-A878-2C4858EB6392}"
EndProject
Project("{FAE04EC0-301F-11D3-BF4B-00C04F79EFBC}") = "Application.Tests", "Application.Tests\Application.Tests.csproj", "{D7003057-3CF4-40A2-B2CD-F1E039D9D392}"
EndProject
Project("{FAE04EC0-301F-11D3-BF4B-00C04F79EFBC}") = "Domain.Tests", "Domain.Tests\Domain.Tests.csproj", "{E1EC78F7-0C84-4894-A9F7-564E38650747}"
EndProject
Project("{FAE04EC0-301F-11D3-BF4B-00C04F79EFBC}") = "Infrastructure.Tests", "Infrastructure.Tests\Infrastructure.Tests.csproj", "{12236401-56BC-4C5E-BEAE-0AEAA30995C1}"
EndProject
Global
	GlobalSection(SolutionConfigurationPlatforms) = preSolution
		Debug|Any CPU = Debug|Any CPU
		Release|Any CPU = Release|Any CPU
	EndGlobalSection
	GlobalSection(ProjectConfigurationPlatforms) = postSolution
		{A2079C6B-B5D7-420A-B7F6-C5C3C9162286}.Debug|Any CPU.ActiveCfg = Debug|Any CPU
		{A2079C6B-B5D7-420A-B7F6-C5C3C9162286}.Debug|Any CPU.Build.0 = Debug|Any CPU
		{A2079C6B-B5D7-420A-B7F6-C5C3C9162286}.Release|Any CPU.ActiveCfg = Release|Any CPU
		{A2079C6B-B5D7-420A-B7F6-C5C3C9162286}.Release|Any CPU.Build.0 = Release|Any CPU
		{67FB1757-56BF-4542-A44D-E87610423A10}.Debug|Any CPU.ActiveCfg = Debug|Any CPU
		{67FB1757-56BF-4542-A44D-E87610423A10}.Debug|Any CPU.Build.0 = Debug|Any CPU
		{67FB1757-56BF-4542-A44D-E87610423A10}.Release|Any CPU.ActiveCfg = Release|Any CPU
		{67FB1757-56BF-4542-A44D-E87610423A10}.Release|Any CPU.Build.0 = Release|Any CPU
		{AC177811-1B3A-4EF1-A6E8-5C9B89CE752E}.Debug|Any CPU.ActiveCfg = Debug|Any CPU
		{AC177811-1B3A-4EF1-A6E8-5C9B89CE752E}.Debug|Any CPU.Build.0 = Debug|Any CPU
		{AC177811-1B3A-4EF1-A6E8-5C9B89CE752E}.Release|Any CPU.ActiveCfg = Release|Any CPU
		{AC177811-1B3A-4EF1-A6E8-5C9B89CE752E}.Release|Any CPU.Build.0 = Release|Any CPU
		{443548CF-8FB4-4BD0-AD73-8AC8DF971F1C}.Debug|Any CPU.ActiveCfg = Debug|Any CPU
		{443548CF-8FB4-4BD0-AD73-8AC8DF971F1C}.Debug|Any CPU.Build.0 = Debug|Any CPU
		{443548CF-8FB4-4BD0-AD73-8AC8DF971F1C}.Release|Any CPU.ActiveCfg = Release|Any CPU
		{443548CF-8FB4-4BD0-AD73-8AC8DF971F1C}.Release|Any CPU.Build.0 = Release|Any CPU
		{D7003057-3CF4-40A2-B2CD-F1E039D9D392}.Debug|Any CPU.ActiveCfg = Debug|Any CPU
		{D7003057-3CF4-40A2-B2CD-F1E039D9D392}.Debug|Any CPU.Build.0 = Debug|Any CPU
		{D7003057-3CF4-40A2-B2CD-F1E039D9D392}.Release|Any CPU.ActiveCfg = Release|Any CPU
		{D7003057-3CF4-40A2-B2CD-F1E039D9D392}.Release|Any CPU.Build.0 = Release|Any CPU
		{E1EC78F7-0C84-4894-A9F7-564E38650747}.Debug|Any CPU.ActiveCfg = Debug|Any CPU
		{E1EC78F7-0C84-4894-A9F7-564E38650747}.Debug|Any CPU.Build.0 = Debug|Any CPU
		{E1EC78F7-0C84-4894-A9F7-564E38650747}.Release|Any CPU.ActiveCfg = Release|Any CPU
		{E1EC78F7-0C84-4894-A9F7-564E38650747}.Release|Any CPU.Build.0 = Release|Any CPU
		{12236401-56BC-4C5E-BEAE-0AEAA30995C1}.Debug|Any CPU.ActiveCfg = Debug|Any CPU
		{12236401-56BC-4C5E-BEAE-0AEAA30995C1}.Debug|Any CPU.Build.0 = Debug|Any CPU
		{12236401-56BC-4C5E-BEAE-0AEAA30995C1}.Release|Any CPU.ActiveCfg = Release|Any CPU
		{12236401-56BC-4C5E-BEAE-0AEAA30995C1}.Release|Any CPU.Build.0 = Release|Any CPU
	EndGlobalSection
	GlobalSection(NestedProjects) = preSolution
		{AAADC730-9D5C-44BA-B5D4-26ECEE3AF02A} = {6996664B-E9AA-4D36-BC99-25397B056233}
		{7742EF67-E6E6-4677-A878-2C4858EB6392} = {6996664B-E9AA-4D36-BC99-25397B056233}
		{A2079C6B-B5D7-420A-B7F6-C5C3C9162286} = {AAADC730-9D5C-44BA-B5D4-26ECEE3AF02A}
		{67FB1757-56BF-4542-A44D-E87610423A10} = {AAADC730-9D5C-44BA-B5D4-26ECEE3AF02A}
		{443548CF-8FB4-4BD0-AD73-8AC8DF971F1C} = {7742EF67-E6E6-4677-A878-2C4858EB6392}
		{AC177811-1B3A-4EF1-A6E8-5C9B89CE752E} = {7742EF67-E6E6-4677-A878-2C4858EB6392}
		{D7003057-3CF4-40A2-B2CD-F1E039D9D392} = {B4CFB1C0-390F-44B6-90DB-5A741B575F11}
		{E1EC78F7-0C84-4894-A9F7-564E38650747} = {B4CFB1C0-390F-44B6-90DB-5A741B575F11}
		{12236401-56BC-4C5E-BEAE-0AEAA30995C1} = {B4CFB1C0-390F-44B6-90DB-5A741B575F11}
	EndGlobalSection
EndGlobal
